
Microsoft Visual Studio Solution File, Format Version 12.00
# Visual Studio Version 17
VisualStudioVersion = 17.0.31903.59
MinimumVisualStudioVersion = 10.0.40219.1
Project("{2150E333-8FDC-42A3-9474-1A3956D46DE8}") = "FileService", "FileService", "{58CD2AE7-55A0-A62A-B483-3AE10EDAF21D}"
EndProject
Project("{2150E333-8FDC-42A3-9474-1A3956D46DE8}") = "tests", "tests", "{74DBF501-E752-73F7-3352-7D2AAC4A2613}"
EndProject
Project("{FAE04EC0-301F-11D3-BF4B-00C04F79EFBC}") = "FileService.UnitTests", "FileService\tests\FileService.UnitTests\FileService.UnitTests.csproj", "{90B6BA14-F851-489A-9F16-30B92BC5AC0F}"
EndProject
Global
	GlobalSection(SolutionConfigurationPlatforms) = preSolution
		Debug|Any CPU = Debug|Any CPU
		Debug|x64 = Debug|x64
		Debug|x86 = Debug|x86
		Release|Any CPU = Release|Any CPU
		Release|x64 = Release|x64
		Release|x86 = Release|x86
	EndGlobalSection
	GlobalSection(ProjectConfigurationPlatforms) = postSolution
		{90B6BA14-F851-489A-9F16-30B92BC5AC0F}.Debug|Any CPU.ActiveCfg = Debug|Any CPU
		{90B6BA14-F851-489A-9F16-30B92BC5AC0F}.Debug|Any CPU.Build.0 = Debug|Any CPU
		{90B6BA14-F851-489A-9F16-30B92BC5AC0F}.Debug|x64.ActiveCfg = Debug|Any CPU
		{90B6BA14-F851-489A-9F16-30B92BC5AC0F}.Debug|x64.Build.0 = Debug|Any CPU
		{90B6BA14-F851-489A-9F16-30B92BC5AC0F}.Debug|x86.ActiveCfg = Debug|Any CPU
		{90B6BA14-F851-489A-9F16-30B92BC5AC0F}.Debug|x86.Build.0 = Debug|Any CPU
		{90B6BA14-F851-489A-9F16-30B92BC5AC0F}.Release|Any CPU.ActiveCfg = Release|Any CPU
		{90B6BA14-F851-489A-9F16-30B92BC5AC0F}.Release|Any CPU.Build.0 = Release|Any CPU
		{90B6BA14-F851-489A-9F16-30B92BC5AC0F}.Release|x64.ActiveCfg = Release|Any CPU
		{90B6BA14-F851-489A-9F16-30B92BC5AC0F}.Release|x64.Build.0 = Release|Any CPU
		{90B6BA14-F851-489A-9F16-30B92BC5AC0F}.Release|x86.ActiveCfg = Release|Any CPU
		{90B6BA14-F851-489A-9F16-30B92BC5AC0F}.Release|x86.Build.0 = Release|Any CPU
	EndGlobalSection
	GlobalSection(SolutionProperties) = preSolution
		HideSolutionNode = FALSE
	EndGlobalSection
	GlobalSection(NestedProjects) = preSolution
		{74DBF501-E752-73F7-3352-7D2AAC4A2613} = {58CD2AE7-55A0-A62A-B483-3AE10EDAF21D}
		{90B6BA14-F851-489A-9F16-30B92BC5AC0F} = {74DBF501-E752-73F7-3352-7D2AAC4A2613}
	EndGlobalSection
EndGlobal
