<Solution>
  <Configurations>
    <Platform Name="Any CPU" />
    <Platform Name="x64" />
    <Platform Name="x86" />
  </Configurations>
  <Folder Name="/Элементы решения/">
    <File Path=".editorconfig" />
    <File Path="Directory.Build.props" />
    <File Path="Directory.Packages.props" />
  </Folder>
  <Project Path="Core/Core.csproj" />
  <Project Path="Framework/Framework.csproj" />
  <Project Path="SharedKernel/SharedKernel.csproj" />
</Solution>
