
Microsoft Visual Studio Solution File, Format Version 12.00
# Visual Studio Version 17
VisualStudioVersion = 17.14.36511.14
MinimumVisualStudioVersion = 10.0.40219.1
Project("{FAE04EC0-301F-11D3-BF4B-00C04F79EFBC}") = "DirectoryService.Domain", "src\DirectoryService.Domain\DirectoryService.Domain.csproj", "{085C7387-B29B-47B8-BE44-291260AF6F24}"
EndProject
Project("{2150E333-8FDC-42A3-9474-1A3956D46DE8}") = "src", "src", "{36D591C7-65C7-A0D1-1CBC-10CDE441BDC8}"
EndProject
Project("{FAE04EC0-301F-11D3-BF4B-00C04F79EFBC}") = "DirectoryService.Application", "src\DirectoryService.Application\DirectoryService.Application.csproj", "{04864845-325C-4616-A78B-152785038A49}"
EndProject
Project("{2150E333-8FDC-42A3-9474-1A3956D46DE8}") = "Solution Items", "Solution Items", "{82685C51-BA5F-4E04-B2F3-E394B40A360B}"
	ProjectSection(SolutionItems) = preProject
		.editorconfig = .editorconfig
		Directory.Build.props = Directory.Build.props
		docker-compose.yml = docker-compose.yml
	EndProjectSection
EndProject
Project("{FAE04EC0-301F-11D3-BF4B-00C04F79EFBC}") = "DirectoryService.Infrastructure", "src\DirectoryService.Infrastructure\DirectoryService.Infrastructure.csproj", "{413A40B9-9562-4655-89D0-197297303D03}"
EndProject
Project("{FAE04EC0-301F-11D3-BF4B-00C04F79EFBC}") = "DirectoryService.Contracts", "src\DirectoryService.Contracts\DirectoryService.Contracts.csproj", "{200C1161-A828-45B2-839F-6B361281CCA5}"
EndProject
Project("{FAE04EC0-301F-11D3-BF4B-00C04F79EFBC}") = "DirectoryService.Presenters", "src\DirectoryService.Presenters\DirectoryService.Presenters.csproj", "{0BAC886C-EFB9-4646-993E-6A876A6BAD11}"
EndProject
Project("{FAE04EC0-301F-11D3-BF4B-00C04F79EFBC}") = "DirectoryService.Web", "src\DirectoryService.Web\DirectoryService.Web.csproj", "{0242F9BE-52CE-0A85-5532-EB1B66C213CA}"
EndProject
Project("{FAE04EC0-301F-11D3-BF4B-00C04F79EFBC}") = "DirectoryService.Infrastructure.Postgres", "src\DirectoryService.Infrastructure.Postgres\DirectoryService.Infrastructure.Postgres.csproj", "{FEC9E92D-7E73-2A1B-097E-37869C5D0E21}"
EndProject
Project("{FAE04EC0-301F-11D3-BF4B-00C04F79EFBC}") = "Shared", "src\Shared\Shared.csproj", "{9817CE3D-74D5-4E4B-BAFB-489C603CB130}"
EndProject
Project("{2150E333-8FDC-42A3-9474-1A3956D46DE8}") = "tests", "tests", "{AA7A445A-2634-48CC-8564-C059234E02D3}"
EndProject
Project("{FAE04EC0-301F-11D3-BF4B-00C04F79EFBC}") = "DirectoryService.IntegrationTests", "tests\DirectoryService.IntegrationTests\DirectoryService.IntegrationTests.csproj", "{7028F1E2-4848-365F-9242-EB7F2D5436D4}"
EndProject
Project("{FAE04EC0-301F-11D3-BF4B-00C04F79EFBC}") = "TestProject1", "TestProject1\TestProject1.csproj", "{C047783F-07B6-431D-B60C-2F9C4B1B2AA5}"
EndProject
Global
	GlobalSection(SolutionConfigurationPlatforms) = preSolution
		Debug|Any CPU = Debug|Any CPU
		Release|Any CPU = Release|Any CPU
	EndGlobalSection
	GlobalSection(ProjectConfigurationPlatforms) = postSolution
		{085C7387-B29B-47B8-BE44-291260AF6F24}.Debug|Any CPU.ActiveCfg = Debug|Any CPU
		{085C7387-B29B-47B8-BE44-291260AF6F24}.Debug|Any CPU.Build.0 = Debug|Any CPU
		{085C7387-B29B-47B8-BE44-291260AF6F24}.Release|Any CPU.ActiveCfg = Release|Any CPU
		{085C7387-B29B-47B8-BE44-291260AF6F24}.Release|Any CPU.Build.0 = Release|Any CPU
		{04864845-325C-4616-A78B-152785038A49}.Debug|Any CPU.ActiveCfg = Debug|Any CPU
		{04864845-325C-4616-A78B-152785038A49}.Debug|Any CPU.Build.0 = Debug|Any CPU
		{04864845-325C-4616-A78B-152785038A49}.Release|Any CPU.ActiveCfg = Release|Any CPU
		{04864845-325C-4616-A78B-152785038A49}.Release|Any CPU.Build.0 = Release|Any CPU
		{413A40B9-9562-4655-89D0-197297303D03}.Debug|Any CPU.ActiveCfg = Debug|Any CPU
		{413A40B9-9562-4655-89D0-197297303D03}.Debug|Any CPU.Build.0 = Debug|Any CPU
		{413A40B9-9562-4655-89D0-197297303D03}.Release|Any CPU.ActiveCfg = Release|Any CPU
		{413A40B9-9562-4655-89D0-197297303D03}.Release|Any CPU.Build.0 = Release|Any CPU
		{200C1161-A828-45B2-839F-6B361281CCA5}.Debug|Any CPU.ActiveCfg = Debug|Any CPU
		{200C1161-A828-45B2-839F-6B361281CCA5}.Debug|Any CPU.Build.0 = Debug|Any CPU
		{200C1161-A828-45B2-839F-6B361281CCA5}.Release|Any CPU.ActiveCfg = Release|Any CPU
		{200C1161-A828-45B2-839F-6B361281CCA5}.Release|Any CPU.Build.0 = Release|Any CPU
		{0BAC886C-EFB9-4646-993E-6A876A6BAD11}.Debug|Any CPU.ActiveCfg = Debug|Any CPU
		{0BAC886C-EFB9-4646-993E-6A876A6BAD11}.Debug|Any CPU.Build.0 = Debug|Any CPU
		{0BAC886C-EFB9-4646-993E-6A876A6BAD11}.Release|Any CPU.ActiveCfg = Release|Any CPU
		{0BAC886C-EFB9-4646-993E-6A876A6BAD11}.Release|Any CPU.Build.0 = Release|Any CPU
		{0242F9BE-52CE-0A85-5532-EB1B66C213CA}.Debug|Any CPU.ActiveCfg = Debug|Any CPU
		{0242F9BE-52CE-0A85-5532-EB1B66C213CA}.Debug|Any CPU.Build.0 = Debug|Any CPU
		{0242F9BE-52CE-0A85-5532-EB1B66C213CA}.Release|Any CPU.ActiveCfg = Release|Any CPU
		{0242F9BE-52CE-0A85-5532-EB1B66C213CA}.Release|Any CPU.Build.0 = Release|Any CPU
		{FEC9E92D-7E73-2A1B-097E-37869C5D0E21}.Debug|Any CPU.ActiveCfg = Debug|Any CPU
		{FEC9E92D-7E73-2A1B-097E-37869C5D0E21}.Debug|Any CPU.Build.0 = Debug|Any CPU
		{FEC9E92D-7E73-2A1B-097E-37869C5D0E21}.Release|Any CPU.ActiveCfg = Release|Any CPU
		{FEC9E92D-7E73-2A1B-097E-37869C5D0E21}.Release|Any CPU.Build.0 = Release|Any CPU
		{9817CE3D-74D5-4E4B-BAFB-489C603CB130}.Debug|Any CPU.ActiveCfg = Debug|Any CPU
		{9817CE3D-74D5-4E4B-BAFB-489C603CB130}.Debug|Any CPU.Build.0 = Debug|Any CPU
		{9817CE3D-74D5-4E4B-BAFB-489C603CB130}.Release|Any CPU.ActiveCfg = Release|Any CPU
		{9817CE3D-74D5-4E4B-BAFB-489C603CB130}.Release|Any CPU.Build.0 = Release|Any CPU
		{7028F1E2-4848-365F-9242-EB7F2D5436D4}.Debug|Any CPU.ActiveCfg = Debug|Any CPU
		{7028F1E2-4848-365F-9242-EB7F2D5436D4}.Debug|Any CPU.Build.0 = Debug|Any CPU
		{7028F1E2-4848-365F-9242-EB7F2D5436D4}.Release|Any CPU.ActiveCfg = Release|Any CPU
		{7028F1E2-4848-365F-9242-EB7F2D5436D4}.Release|Any CPU.Build.0 = Release|Any CPU
		{C047783F-07B6-431D-B60C-2F9C4B1B2AA5}.Debug|Any CPU.ActiveCfg = Debug|Any CPU
		{C047783F-07B6-431D-B60C-2F9C4B1B2AA5}.Debug|Any CPU.Build.0 = Debug|Any CPU
		{C047783F-07B6-431D-B60C-2F9C4B1B2AA5}.Release|Any CPU.ActiveCfg = Release|Any CPU
		{C047783F-07B6-431D-B60C-2F9C4B1B2AA5}.Release|Any CPU.Build.0 = Release|Any CPU
	EndGlobalSection
	GlobalSection(SolutionProperties) = preSolution
		HideSolutionNode = FALSE
	EndGlobalSection
	GlobalSection(NestedProjects) = preSolution
		{085C7387-B29B-47B8-BE44-291260AF6F24} = {36D591C7-65C7-A0D1-1CBC-10CDE441BDC8}
		{04864845-325C-4616-A78B-152785038A49} = {36D591C7-65C7-A0D1-1CBC-10CDE441BDC8}
		{413A40B9-9562-4655-89D0-197297303D03} = {36D591C7-65C7-A0D1-1CBC-10CDE441BDC8}
		{200C1161-A828-45B2-839F-6B361281CCA5} = {36D591C7-65C7-A0D1-1CBC-10CDE441BDC8}
		{0BAC886C-EFB9-4646-993E-6A876A6BAD11} = {36D591C7-65C7-A0D1-1CBC-10CDE441BDC8}
		{FEC9E92D-7E73-2A1B-097E-37869C5D0E21} = {36D591C7-65C7-A0D1-1CBC-10CDE441BDC8}
		{9817CE3D-74D5-4E4B-BAFB-489C603CB130} = {36D591C7-65C7-A0D1-1CBC-10CDE441BDC8}
		{7028F1E2-4848-365F-9242-EB7F2D5436D4} = {AA7A445A-2634-48CC-8564-C059234E02D3}
		{C047783F-07B6-431D-B60C-2F9C4B1B2AA5} = {AA7A445A-2634-48CC-8564-C059234E02D3}
	EndGlobalSection
	GlobalSection(ExtensibilityGlobals) = postSolution
		SolutionGuid = {C9611892-431B-4AFA-9043-A72E35017DCA}
	EndGlobalSection
EndGlobal
